
Microsoft Visual Studio Solution File, Format Version 12.00
# Visual Studio Version 17
VisualStudioVersion = 17.9.34728.123
MinimumVisualStudioVersion = 10.0.40219.1
Project("{FAE04EC0-301F-11D3-BF4B-00C04F79EFBC}") = "OnlineVideoTube.Server", "OnlineVideoTube.Server\OnlineVideoTube.Server.csproj", "{C835C768-EDA6-4766-9457-92377CA3EE0C}"
EndProject
Project("{54A90642-561A-4BB1-A94E-469ADEE60C69}") = "onlinevideotube.client", "onlinevideotube.client\onlinevideotube.client.esproj", "{703F50CB-F529-41D4-A444-03C85A66208D}"
EndProject
Global
	GlobalSection(SolutionConfigurationPlatforms) = preSolution
		Debug|Any CPU = Debug|Any CPU
		Release|Any CPU = Release|Any CPU
	EndGlobalSection
	GlobalSection(ProjectConfigurationPlatforms) = postSolution
		{C835C768-EDA6-4766-9457-92377CA3EE0C}.Debug|Any CPU.ActiveCfg = Debug|Any CPU
		{C835C768-EDA6-4766-9457-92377CA3EE0C}.Debug|Any CPU.Build.0 = Debug|Any CPU
		{C835C768-EDA6-4766-9457-92377CA3EE0C}.Release|Any CPU.ActiveCfg = Release|Any CPU
		{C835C768-EDA6-4766-9457-92377CA3EE0C}.Release|Any CPU.Build.0 = Release|Any CPU
		{703F50CB-F529-41D4-A444-03C85A66208D}.Debug|Any CPU.ActiveCfg = Debug|Any CPU
		{703F50CB-F529-41D4-A444-03C85A66208D}.Debug|Any CPU.Build.0 = Debug|Any CPU
		{703F50CB-F529-41D4-A444-03C85A66208D}.Debug|Any CPU.Deploy.0 = Debug|Any CPU
		{703F50CB-F529-41D4-A444-03C85A66208D}.Release|Any CPU.ActiveCfg = Release|Any CPU
		{703F50CB-F529-41D4-A444-03C85A66208D}.Release|Any CPU.Build.0 = Release|Any CPU
		{703F50CB-F529-41D4-A444-03C85A66208D}.Release|Any CPU.Deploy.0 = Release|Any CPU
	EndGlobalSection
	GlobalSection(SolutionProperties) = preSolution
		HideSolutionNode = FALSE
	EndGlobalSection
	GlobalSection(ExtensibilityGlobals) = postSolution
		SolutionGuid = {0BDC9528-21DB-47A4-A1F5-284C42CA2ACB}
	EndGlobalSection
EndGlobal
